{
  "version": 4,
  "terraform_version": "1.9.5",
  "serial": 7,
  "lineage": "f6356f25-b358-326a-8615-4ae254346b4d",
  "outputs": {},
  "resources": [
    {
      "mode": "data",
      "type": "aws_caller_identity",
      "name": "current",
      "provider": "provider[\"registry.terraform.io/hashicorp/aws\"]",
      "instances": [
        {
          "schema_version": 0,
          "attributes": {
            "account_id": "622000977679",
            "arn": "arn:aws:iam::622000977679:user/vinicius.silva",
            "id": "622000977679",
            "user_id": "AIDAZBURFW4HZD5ROATKS"
          },
          "sensitive_attributes": []
        }
      ]
    },
    {
      "mode": "data",
      "type": "terraform_remote_state",
      "name": "db",
      "provider": "provider[\"terraform.io/builtin/terraform\"]",
      "instances": [
        {
          "schema_version": 0,
          "attributes": {
            "backend": "s3",
            "config": {
              "value": {
                "bucket": "terraform-state-2024-622000977679",
                "key": "aws-ecs-fargate-terraform/dev/data-base/terraform.tfstate",
                "region": "us-east-1"
              },
              "type": [
                "object",
                {
                  "bucket": "string",
                  "key": "string",
                  "region": "string"
                }
              ]
            },
            "defaults": null,
            "outputs": {
              "value": {
                "database_endpoint": "express-todos-api-dev-cluster.cluster-crowyw4w6kc4.us-east-1.rds.amazonaws.com",
                "database_kms_key_arn": "arn:aws:kms:us-east-1:622000977679:key/f0bc1a71-231e-45fb-9eb5-2f1df866b1c7",
                "database_kms_key_id": "f0bc1a71-231e-45fb-9eb5-2f1df866b1c7",
                "database_name": "todos",
                "database_port": 5432,
                "database_username": "vinicius"
              },
              "type": [
                "object",
                {
                  "database_endpoint": "string",
                  "database_kms_key_arn": "string",
                  "database_kms_key_id": "string",
                  "database_name": "string",
                  "database_port": "number",
                  "database_username": "string"
                }
              ]
            },
            "workspace": null
          },
          "sensitive_attributes": []
        }
      ]
    },
    {
      "mode": "data",
      "type": "terraform_remote_state",
      "name": "ecr",
      "provider": "provider[\"terraform.io/builtin/terraform\"]",
      "instances": [
        {
          "schema_version": 0,
          "attributes": {
            "backend": "s3",
            "config": {
              "value": {
                "bucket": "terraform-state-2024-622000977679",
                "key": "aws-ecs-fargate-terraform/dev/ecr/terraform.tfstate",
                "region": "us-east-1"
              },
              "type": [
                "object",
                {
                  "bucket": "string",
                  "key": "string",
                  "region": "string"
                }
              ]
            },
            "defaults": null,
            "outputs": {
              "value": {
                "arn": "arn:aws:ecr:us-east-1:622000977679:repository/engineering-dev",
                "name": "engineering-dev",
                "registry_id": "622000977679",
                "repository_url": "622000977679.dkr.ecr.us-east-1.amazonaws.com/engineering-dev",
                "version": "ML-kv0VFEVk"
              },
              "type": [
                "object",
                {
                  "arn": "string",
                  "name": "string",
                  "registry_id": "string",
                  "repository_url": "string",
                  "version": "string"
                }
              ]
            },
            "workspace": null
          },
          "sensitive_attributes": []
        }
      ]
    },
    {
      "mode": "data",
      "type": "terraform_remote_state",
      "name": "network",
      "provider": "provider[\"terraform.io/builtin/terraform\"]",
      "instances": [
        {
          "schema_version": 0,
          "attributes": {
            "backend": "s3",
            "config": {
              "value": {
                "bucket": "terraform-state-2024-622000977679",
                "key": "aws-ecs-fargate-terraform/dev/network/terraform.tfstate",
                "region": "us-east-1"
              },
              "type": [
                "object",
                {
                  "bucket": "string",
                  "key": "string",
                  "region": "string"
                }
              ]
            },
            "defaults": null,
            "outputs": {
              "value": {
                "az_count": 2,
                "route_tables": {
                  "private": {
                    "id": [
                      "rtb-0da235fa268230a38",
                      "rtb-0eadc0fe625d1cbf7"
                    ]
                  },
                  "public": {
                    "id": [
                      "rtb-0a06cc6a3e83ca76a",
                      "rtb-0709c02a10936fd61"
                    ]
                  }
                },
                "selected_availability_zones": [
                  "us-east-1a",
                  "us-east-1b"
                ],
                "subnets": {
                  "private": {
                    "cidr_blocks": [
                      "10.1.0.0/24",
                      "10.1.1.0/24"
                    ],
                    "id": [
                      "subnet-0485c9764d629d9ae",
                      "subnet-0c102e7b40caea2c4"
                    ]
                  },
                  "public": {
                    "cidr_blocks": [
                      "10.1.2.0/24",
                      "10.1.3.0/24"
                    ],
                    "id": [
                      "subnet-028540a8a1d086d20",
                      "subnet-0962cde61437e6ac5"
                    ]
                  }
                },
                "vpc": {
                  "arn": "arn:aws:ec2:us-east-1:622000977679:vpc/vpc-054e615a9aace1301",
                  "cidr_block": "10.1.0.0/16",
                  "id": "vpc-054e615a9aace1301"
                }
              },
              "type": [
                "object",
                {
                  "az_count": "number",
                  "route_tables": [
                    "object",
                    {
                      "private": [
                        "object",
                        {
                          "id": [
                            "tuple",
                            [
                              "string",
                              "string"
                            ]
                          ]
                        }
                      ],
                      "public": [
                        "object",
                        {
                          "id": [
                            "tuple",
                            [
                              "string",
                              "string"
                            ]
                          ]
                        }
                      ]
                    }
                  ],
                  "selected_availability_zones": [
                    "list",
                    "string"
                  ],
                  "subnets": [
                    "object",
                    {
                      "private": [
                        "object",
                        {
                          "cidr_blocks": [
                            "tuple",
                            [
                              "string",
                              "string"
                            ]
                          ],
                          "id": [
                            "tuple",
                            [
                              "string",
                              "string"
                            ]
                          ]
                        }
                      ],
                      "public": [
                        "object",
                        {
                          "cidr_blocks": [
                            "tuple",
                            [
                              "string",
                              "string"
                            ]
                          ],
                          "id": [
                            "tuple",
                            [
                              "string",
                              "string"
                            ]
                          ]
                        }
                      ]
                    }
                  ],
                  "vpc": [
                    "object",
                    {
                      "arn": "string",
                      "cidr_block": "string",
                      "id": "string"
                    }
                  ]
                }
              ]
            },
            "workspace": null
          },
          "sensitive_attributes": []
        }
      ]
    },
    {
      "mode": "managed",
      "type": "aws_alb",
      "name": "this",
      "provider": "provider[\"registry.terraform.io/hashicorp/aws\"]",
      "instances": [
        {
          "schema_version": 0,
          "attributes": {
            "access_logs": [
              {
                "bucket": "",
                "enabled": false,
                "prefix": ""
              }
            ],
            "arn": "arn:aws:elasticloadbalancing:us-east-1:622000977679:loadbalancer/app/express-todos-api-dev/566956de8ac97be7",
            "arn_suffix": "app/express-todos-api-dev/566956de8ac97be7",
            "client_keep_alive": 3600,
            "connection_logs": [
              {
                "bucket": "",
                "enabled": false,
                "prefix": ""
              }
            ],
            "customer_owned_ipv4_pool": "",
            "desync_mitigation_mode": "defensive",
            "dns_name": "express-todos-api-dev-1371801642.us-east-1.elb.amazonaws.com",
            "dns_record_client_routing_policy": null,
            "drop_invalid_header_fields": false,
            "enable_cross_zone_load_balancing": true,
            "enable_deletion_protection": false,
            "enable_http2": true,
            "enable_tls_version_and_cipher_suite_headers": false,
            "enable_waf_fail_open": false,
            "enable_xff_client_port": false,
            "enforce_security_group_inbound_rules_on_private_link_traffic": "",
            "id": "arn:aws:elasticloadbalancing:us-east-1:622000977679:loadbalancer/app/express-todos-api-dev/566956de8ac97be7",
            "idle_timeout": 60,
            "internal": false,
            "ip_address_type": "ipv4",
            "load_balancer_type": "application",
            "name": "express-todos-api-dev",
            "name_prefix": "",
            "preserve_host_header": false,
            "security_groups": [
              "sg-0a883734b6ba63afa"
            ],
            "subnet_mapping": [
              {
                "allocation_id": "",
                "ipv6_address": "",
                "outpost_id": "",
                "private_ipv4_address": "",
                "subnet_id": "subnet-028540a8a1d086d20"
              },
              {
                "allocation_id": "",
                "ipv6_address": "",
                "outpost_id": "",
                "private_ipv4_address": "",
                "subnet_id": "subnet-0962cde61437e6ac5"
              }
            ],
            "subnets": [
              "subnet-028540a8a1d086d20",
              "subnet-0962cde61437e6ac5"
            ],
            "tags": {},
            "tags_all": {
              "Component": "ECS Fargate",
              "CreatedAt": "2024-09-03",
              "Env": "dev",
              "ManagedBy": "Terraform",
              "Owner": "Vinicius Silva",
              "Project": "AWS ECS Fargate with Terraform",
              "Repository": "https://github.com/viniciusjs07/terraform-nodejs-todo-api"
            },
            "timeouts": null,
            "vpc_id": "vpc-054e615a9aace1301",
            "xff_header_processing_mode": "append",
            "zone_id": "Z35SXDOTRQ7X7K"
          },
          "sensitive_attributes": [],
          "private": "eyJlMmJmYjczMC1lY2FhLTExZTYtOGY4OC0zNDM2M2JjN2M0YzAiOnsiY3JlYXRlIjo2MDAwMDAwMDAwMDAsImRlbGV0ZSI6NjAwMDAwMDAwMDAwLCJ1cGRhdGUiOjYwMDAwMDAwMDAwMH19",
          "dependencies": [
            "aws_security_group.alb",
            "data.aws_caller_identity.current",
            "data.terraform_remote_state.network"
          ]
        }
      ]
    },
    {
      "mode": "managed",
      "type": "aws_alb_listener",
      "name": "http",
      "provider": "provider[\"registry.terraform.io/hashicorp/aws\"]",
      "instances": [
        {
          "schema_version": 0,
          "attributes": {
            "alpn_policy": null,
            "arn": "arn:aws:elasticloadbalancing:us-east-1:622000977679:listener/app/express-todos-api-dev/566956de8ac97be7/1d70f28ded57bab1",
            "certificate_arn": null,
            "default_action": [
              {
                "authenticate_cognito": [],
                "authenticate_oidc": [],
                "fixed_response": [],
                "forward": [],
                "order": 1,
                "redirect": [],
                "target_group_arn": "arn:aws:elasticloadbalancing:us-east-1:622000977679:targetgroup/express-todos-api-dev/aa79363247edf0bf",
                "type": "forward"
              }
            ],
            "id": "arn:aws:elasticloadbalancing:us-east-1:622000977679:listener/app/express-todos-api-dev/566956de8ac97be7/1d70f28ded57bab1",
            "load_balancer_arn": "arn:aws:elasticloadbalancing:us-east-1:622000977679:loadbalancer/app/express-todos-api-dev/566956de8ac97be7",
            "mutual_authentication": [],
            "port": 80,
            "protocol": "HTTP",
            "ssl_policy": "",
            "tags": {},
            "tags_all": {
              "Component": "ECS Fargate",
              "CreatedAt": "2024-09-03",
              "Env": "dev",
              "ManagedBy": "Terraform",
              "Owner": "Vinicius Silva",
              "Project": "AWS ECS Fargate with Terraform",
              "Repository": "https://github.com/viniciusjs07/terraform-nodejs-todo-api"
            },
            "timeouts": null
          },
          "sensitive_attributes": [],
          "private": "eyJlMmJmYjczMC1lY2FhLTExZTYtOGY4OC0zNDM2M2JjN2M0YzAiOnsiY3JlYXRlIjozMDAwMDAwMDAwMDAsInVwZGF0ZSI6MzAwMDAwMDAwMDAwfX0=",
          "dependencies": [
            "aws_alb.this",
            "aws_alb_target_group.this",
            "aws_security_group.alb",
            "data.aws_caller_identity.current",
            "data.terraform_remote_state.network"
          ]
        }
      ]
    },
    {
      "mode": "managed",
      "type": "aws_alb_target_group",
      "name": "this",
      "provider": "provider[\"registry.terraform.io/hashicorp/aws\"]",
      "instances": [
        {
          "schema_version": 0,
          "attributes": {
            "arn": "arn:aws:elasticloadbalancing:us-east-1:622000977679:targetgroup/express-todos-api-dev/aa79363247edf0bf",
            "arn_suffix": "targetgroup/express-todos-api-dev/aa79363247edf0bf",
            "connection_termination": null,
            "deregistration_delay": "300",
            "health_check": [
              {
                "enabled": true,
                "healthy_threshold": 3,
                "interval": 30,
                "matcher": "200",
                "path": "/healthcheck",
                "port": "traffic-port",
                "protocol": "HTTP",
                "timeout": 3,
                "unhealthy_threshold": 2
              }
            ],
            "id": "arn:aws:elasticloadbalancing:us-east-1:622000977679:targetgroup/express-todos-api-dev/aa79363247edf0bf",
            "ip_address_type": "ipv4",
            "lambda_multi_value_headers_enabled": false,
            "load_balancer_arns": [
              "arn:aws:elasticloadbalancing:us-east-1:622000977679:loadbalancer/app/express-todos-api-dev/566956de8ac97be7"
            ],
            "load_balancing_algorithm_type": "round_robin",
            "load_balancing_anomaly_mitigation": "off",
            "load_balancing_cross_zone_enabled": "use_load_balancer_configuration",
            "name": "express-todos-api-dev",
            "name_prefix": "",
            "port": 80,
            "preserve_client_ip": null,
            "protocol": "HTTP",
            "protocol_version": "HTTP1",
            "proxy_protocol_v2": false,
            "slow_start": 0,
            "stickiness": [
              {
                "cookie_duration": 86400,
                "cookie_name": "",
                "enabled": false,
                "type": "lb_cookie"
              }
            ],
            "tags": {},
            "tags_all": {
              "Component": "ECS Fargate",
              "CreatedAt": "2024-09-03",
              "Env": "dev",
              "ManagedBy": "Terraform",
              "Owner": "Vinicius Silva",
              "Project": "AWS ECS Fargate with Terraform",
              "Repository": "https://github.com/viniciusjs07/terraform-nodejs-todo-api"
            },
            "target_failover": [
              {
                "on_deregistration": null,
                "on_unhealthy": null
              }
            ],
            "target_group_health": [
              {
                "dns_failover": [
                  {
                    "minimum_healthy_targets_count": "1",
                    "minimum_healthy_targets_percentage": "off"
                  }
                ],
                "unhealthy_state_routing": [
                  {
                    "minimum_healthy_targets_count": 1,
                    "minimum_healthy_targets_percentage": "off"
                  }
                ]
              }
            ],
            "target_health_state": [
              {
                "enable_unhealthy_connection_termination": null,
                "unhealthy_draining_interval": null
              }
            ],
            "target_type": "ip",
            "vpc_id": "vpc-054e615a9aace1301"
          },
          "sensitive_attributes": [],
          "private": "bnVsbA==",
          "dependencies": [
            "data.aws_caller_identity.current",
            "data.terraform_remote_state.network"
          ]
        }
      ]
    },
    {
      "mode": "managed",
      "type": "aws_ecs_cluster",
      "name": "this",
      "provider": "provider[\"registry.terraform.io/hashicorp/aws\"]",
      "instances": [
        {
          "schema_version": 0,
          "attributes": {
            "arn": "arn:aws:ecs:us-east-1:622000977679:cluster/engineering-dev",
            "configuration": [],
            "id": "arn:aws:ecs:us-east-1:622000977679:cluster/engineering-dev",
            "name": "engineering-dev",
            "service_connect_defaults": [],
            "setting": [
              {
                "name": "containerInsights",
                "value": "enabled"
              }
            ],
            "tags": null,
            "tags_all": {
              "Component": "ECS Fargate",
              "CreatedAt": "2024-09-03",
              "Env": "dev",
              "ManagedBy": "Terraform",
              "Owner": "Vinicius Silva",
              "Project": "AWS ECS Fargate with Terraform",
              "Repository": "https://github.com/viniciusjs07/terraform-nodejs-todo-api"
            }
          },
          "sensitive_attributes": [],
          "private": "bnVsbA=="
        }
      ]
    },
    {
      "mode": "managed",
      "type": "aws_security_group",
      "name": "alb",
      "provider": "provider[\"registry.terraform.io/hashicorp/aws\"]",
      "instances": [
        {
          "schema_version": 1,
          "attributes": {
            "arn": "arn:aws:ec2:us-east-1:622000977679:security-group/sg-0a883734b6ba63afa",
            "description": "Controls access to the ALB",
            "egress": [
              {
                "cidr_blocks": [
                  "0.0.0.0/0"
                ],
                "description": "",
                "from_port": 0,
                "ipv6_cidr_blocks": [],
                "prefix_list_ids": [],
                "protocol": "-1",
                "security_groups": [],
                "self": false,
                "to_port": 0
              }
            ],
            "id": "sg-0a883734b6ba63afa",
            "ingress": [
              {
                "cidr_blocks": [
                  "0.0.0.0/0"
                ],
                "description": "",
                "from_port": 443,
                "ipv6_cidr_blocks": [],
                "prefix_list_ids": [],
                "protocol": "tcp",
                "security_groups": [],
                "self": false,
                "to_port": 443
              },
              {
                "cidr_blocks": [
                  "0.0.0.0/0"
                ],
                "description": "",
                "from_port": 80,
                "ipv6_cidr_blocks": [],
                "prefix_list_ids": [],
                "protocol": "tcp",
                "security_groups": [],
                "self": false,
                "to_port": 80
              }
            ],
            "name": "engineering-dev-alb",
            "name_prefix": "",
            "owner_id": "622000977679",
            "revoke_rules_on_delete": false,
            "tags": {
              "Name": "express-todos-api-dev-alb"
            },
            "tags_all": {
              "Component": "ECS Fargate",
              "CreatedAt": "2024-09-03",
              "Env": "dev",
              "ManagedBy": "Terraform",
              "Name": "express-todos-api-dev-alb",
              "Owner": "Vinicius Silva",
              "Project": "AWS ECS Fargate with Terraform",
              "Repository": "https://github.com/viniciusjs07/terraform-nodejs-todo-api"
            },
            "timeouts": null,
            "vpc_id": "vpc-054e615a9aace1301"
          },
          "sensitive_attributes": [],
          "private": "eyJlMmJmYjczMC1lY2FhLTExZTYtOGY4OC0zNDM2M2JjN2M0YzAiOnsiY3JlYXRlIjo2MDAwMDAwMDAwMDAsImRlbGV0ZSI6OTAwMDAwMDAwMDAwfSwic2NoZW1hX3ZlcnNpb24iOiIxIn0=",
          "dependencies": [
            "data.aws_caller_identity.current",
            "data.terraform_remote_state.network"
          ]
        }
      ]
    }
  ],
  "check_results": null
}
